
Microsoft Visual Studio Solution File, Format Version 12.00
# Visual Studio 14
VisualStudioVersion = 14.0.24720.0
MinimumVisualStudioVersion = 10.0.40219.1
Project("{FAE04EC0-301F-11D3-BF4B-00C04F79EFBC}") = "PiedPyro", "PiedPyro\PiedPyro.csproj", "{67F9B829-DCD9-4154-8DEC-679AEE527371}"
EndProject
Global
	GlobalSection(SolutionConfigurationPlatforms) = preSolution
		Debug|Any CPU = Debug|Any CPU
		Debug|x86 = Debug|x86
		Release|Any CPU = Release|Any CPU
		Release|x86 = Release|x86
	EndGlobalSection
	GlobalSection(ProjectConfigurationPlatforms) = postSolution
		{67F9B829-DCD9-4154-8DEC-679AEE527371}.Debug|Any CPU.ActiveCfg = Debug|Any CPU
		{67F9B829-DCD9-4154-8DEC-679AEE527371}.Debug|Any CPU.Build.0 = Debug|Any CPU
		{67F9B829-DCD9-4154-8DEC-679AEE527371}.Debug|x86.ActiveCfg = Debug|x86
		{67F9B829-DCD9-4154-8DEC-679AEE527371}.Debug|x86.Build.0 = Debug|x86
		{67F9B829-DCD9-4154-8DEC-679AEE527371}.Release|Any CPU.ActiveCfg = Release|Any CPU
		{67F9B829-DCD9-4154-8DEC-679AEE527371}.Release|Any CPU.Build.0 = Release|Any CPU
		{67F9B829-DCD9-4154-8DEC-679AEE527371}.Release|x86.ActiveCfg = Release|x86
		{67F9B829-DCD9-4154-8DEC-679AEE527371}.Release|x86.Build.0 = Release|x86
	EndGlobalSection
	GlobalSection(SolutionProperties) = preSolution
		HideSolutionNode = FALSE
	EndGlobalSection
EndGlobal
